
Microsoft Visual Studio Solution File, Format Version 12.00
# Visual Studio Version 16
VisualStudioVersion = 16.0.31402.337
MinimumVisualStudioVersion = 10.0.40219.1
Project("{8BC9CEB8-8B4A-11D0-8D11-00A0C91BC942}") = "[Server] NetWork_Quiz", "[Server] NetWork_Quiz\[Server] NetWork_Quiz.vcxproj", "{4359D2D3-0F06-431F-B375-B349FA0B8854}"
EndProject
Project("{8BC9CEB8-8B4A-11D0-8D11-00A0C91BC942}") = "[Client] NetWork_Quiz", "[Client] NetWork_Quiz\[Client] NetWork_Quiz.vcxproj", "{5F9FFFAD-DA5C-4892-BDFA-F50D72E462A9}"
EndProject
Global
	GlobalSection(SolutionConfigurationPlatforms) = preSolution
		Debug|x64 = Debug|x64
		Debug|x86 = Debug|x86
		Release|x64 = Release|x64
		Release|x86 = Release|x86
	EndGlobalSection
	GlobalSection(ProjectConfigurationPlatforms) = postSolution
		{4359D2D3-0F06-431F-B375-B349FA0B8854}.Debug|x64.ActiveCfg = Debug|x64
		{4359D2D3-0F06-431F-B375-B349FA0B8854}.Debug|x64.Build.0 = Debug|x64
		{4359D2D3-0F06-431F-B375-B349FA0B8854}.Debug|x86.ActiveCfg = Debug|Win32
		{4359D2D3-0F06-431F-B375-B349FA0B8854}.Debug|x86.Build.0 = Debug|Win32
		{4359D2D3-0F06-431F-B375-B349FA0B8854}.Release|x64.ActiveCfg = Release|x64
		{4359D2D3-0F06-431F-B375-B349FA0B8854}.Release|x64.Build.0 = Release|x64
		{4359D2D3-0F06-431F-B375-B349FA0B8854}.Release|x86.ActiveCfg = Release|Win32
		{4359D2D3-0F06-431F-B375-B349FA0B8854}.Release|x86.Build.0 = Release|Win32
		{5F9FFFAD-DA5C-4892-BDFA-F50D72E462A9}.Debug|x64.ActiveCfg = Debug|x64
		{5F9FFFAD-DA5C-4892-BDFA-F50D72E462A9}.Debug|x64.Build.0 = Debug|x64
		{5F9FFFAD-DA5C-4892-BDFA-F50D72E462A9}.Debug|x86.ActiveCfg = Debug|Win32
		{5F9FFFAD-DA5C-4892-BDFA-F50D72E462A9}.Debug|x86.Build.0 = Debug|Win32
		{5F9FFFAD-DA5C-4892-BDFA-F50D72E462A9}.Release|x64.ActiveCfg = Release|x64
		{5F9FFFAD-DA5C-4892-BDFA-F50D72E462A9}.Release|x64.Build.0 = Release|x64
		{5F9FFFAD-DA5C-4892-BDFA-F50D72E462A9}.Release|x86.ActiveCfg = Release|Win32
		{5F9FFFAD-DA5C-4892-BDFA-F50D72E462A9}.Release|x86.Build.0 = Release|Win32
	EndGlobalSection
	GlobalSection(SolutionProperties) = preSolution
		HideSolutionNode = FALSE
	EndGlobalSection
	GlobalSection(ExtensibilityGlobals) = postSolution
		SolutionGuid = {39CB9012-3019-46BE-8EE5-D8E6C3BFB6B3}
	EndGlobalSection
EndGlobal
